
Microsoft Visual Studio Solution File, Format Version 12.00
# Visual Studio Version 16
VisualStudioVersion = 16.0.30517.126
MinimumVisualStudioVersion = 10.0.40219.1
Project("{FAE04EC0-301F-11D3-BF4B-00C04F79EFBC}") = "TranslationTransformationsAnalysis", "TranslationTransformationsAnalysis\TranslationTransformationsAnalysis.csproj", "{BECDE3B1-1380-4217-9481-AD5F71B46533}"
EndProject
Global
	GlobalSection(SolutionConfigurationPlatforms) = preSolution
		Debug|Any CPU = Debug|Any CPU
		Release|Any CPU = Release|Any CPU
	EndGlobalSection
	GlobalSection(ProjectConfigurationPlatforms) = postSolution
		{BECDE3B1-1380-4217-9481-AD5F71B46533}.Debug|Any CPU.ActiveCfg = Debug|Any CPU
		{BECDE3B1-1380-4217-9481-AD5F71B46533}.Debug|Any CPU.Build.0 = Debug|Any CPU
		{BECDE3B1-1380-4217-9481-AD5F71B46533}.Release|Any CPU.ActiveCfg = Release|Any CPU
		{BECDE3B1-1380-4217-9481-AD5F71B46533}.Release|Any CPU.Build.0 = Release|Any CPU
	EndGlobalSection
	GlobalSection(SolutionProperties) = preSolution
		HideSolutionNode = FALSE
	EndGlobalSection
	GlobalSection(ExtensibilityGlobals) = postSolution
		SolutionGuid = {B4B2B13D-A251-451B-A19D-7E3354368708}
	EndGlobalSection
EndGlobal
